{
  "version": 4,
  "terraform_version": "1.8.2",
  "serial": 31,
  "lineage": "03214f82-6ffc-7732-6f51-87f46cedaad4",
  "outputs": {},
  "resources": [
    {
      "module": "module.company-profiler",
      "mode": "data",
      "type": "archive_file",
      "name": "source",
      "provider": "provider[\"registry.terraform.io/hashicorp/archive\"]",
      "instances": [
        {
          "schema_version": 0,
          "attributes": {
            "exclude_symlink_directories": null,
            "excludes": null,
            "id": "bfae131fa0c31d3280155b4d55562d4eedbd2003",
            "output_base64sha256": "3EOjw8iWeR4v/xNexAdAh2ZH09d9ZLTsVFLh0SczQ2w=",
            "output_base64sha512": "XohZ4J3JL8c4rq0PybvW2K3G6EPRsjC+ELFHZFDv680/r4H8pyXrHSwS/nbWxg5ntGXScZyyCN6L9FesqY6LvQ==",
            "output_file_mode": null,
            "output_md5": "6f3bfb4815642e261de1cb6ae3878aea",
            "output_path": ".terraform/modules/company-profiler/gcp-function-https/company-profiler.zip",
            "output_sha": "bfae131fa0c31d3280155b4d55562d4eedbd2003",
            "output_sha256": "dc43a3c3c896791e2fff135ec40740876647d3d77d64b4ec5452e1d12733436c",
            "output_sha512": "5e8859e09dc92fc738aead0fc9bbd6d8adc6e843d1b230be10b1476450efebcd3faf81fca725eb1d2c12fe76d6c60e67b465d2719cb208de8bf457aca98e8bbd",
            "output_size": 1172,
            "source": [],
            "source_content": null,
            "source_content_filename": null,
            "source_dir": "src",
            "source_file": null,
            "type": "zip"
          },
          "sensitive_attributes": []
        }
      ]
    },
    {
      "module": "module.company-profiler",
      "mode": "data",
      "type": "google_iam_policy",
      "name": "invoker",
      "provider": "provider[\"registry.terraform.io/hashicorp/google\"]",
      "instances": [
        {
          "schema_version": 0,
          "attributes": {
            "audit_config": null,
            "binding": [
              {
                "condition": [],
                "members": [
                  "allUsers"
                ],
                "role": "roles/run.invoker"
              }
            ],
            "id": "3450855414",
            "policy_data": "{\"bindings\":[{\"members\":[\"allUsers\"],\"role\":\"roles/run.invoker\"}]}"
          },
          "sensitive_attributes": []
        }
      ]
    },
    {
      "module": "module.company-profiler",
      "mode": "managed",
      "type": "google_cloudfunctions2_function",
      "name": "function",
      "provider": "provider[\"registry.terraform.io/hashicorp/google\"]",
      "instances": [
        {
          "status": "tainted",
          "schema_version": 0,
          "attributes": {
            "build_config": [
              {
                "build": "",
                "docker_repository": "",
                "entry_point": "main",
                "environment_variables": {},
                "runtime": "python312",
                "service_account": "",
                "source": [
                  {
                    "repo_source": [],
                    "storage_source": [
                      {
                        "bucket": "digideus-company-profiler",
                        "generation": 0,
                        "object": "6f3bfb4815642e261de1cb6ae3878aea.zip"
                      }
                    ]
                  }
                ],
                "worker_pool": ""
              }
            ],
            "description": null,
            "effective_labels": null,
            "environment": null,
            "event_trigger": [],
            "id": "projects/digideus/locations/europe-west1/functions/company-profiler",
            "kms_key_name": null,
            "labels": null,
            "location": "europe-west1",
            "name": "company-profiler",
            "project": "digideus",
            "service_config": [
              {
                "all_traffic_on_latest_revision": true,
                "available_cpu": ".167",
                "available_memory": "256Mi",
                "environment_variables": null,
                "gcf_uri": "",
                "ingress_settings": "ALLOW_ALL",
                "max_instance_count": 1,
                "max_instance_request_concurrency": 0,
                "min_instance_count": 0,
                "secret_environment_variables": [],
                "secret_volumes": [],
                "service": "",
                "service_account_email": "company-profiler-sa@digideus.iam.gserviceaccount.com",
                "timeout_seconds": 60,
                "uri": "",
                "vpc_connector": "",
                "vpc_connector_egress_settings": ""
              }
            ],
            "state": null,
            "terraform_labels": null,
            "timeouts": null,
            "update_time": null,
            "url": null
          },
          "sensitive_attributes": [],
          "private": "eyJlMmJmYjczMC1lY2FhLTExZTYtOGY4OC0zNDM2M2JjN2M0YzAiOnsiY3JlYXRlIjozNjAwMDAwMDAwMDAwLCJkZWxldGUiOjM2MDAwMDAwMDAwMDAsInVwZGF0ZSI6MzYwMDAwMDAwMDAwMH19",
          "dependencies": [
            "module.company-profiler.data.archive_file.source",
            "module.company-profiler.google_service_account.sa",
            "module.company-profiler.google_storage_bucket.function_bucket",
            "module.company-profiler.google_storage_bucket_object.zip"
          ]
        }
      ]
    },
    {
      "module": "module.company-profiler",
      "mode": "managed",
      "type": "google_service_account",
      "name": "sa",
      "provider": "provider[\"registry.terraform.io/hashicorp/google\"]",
      "instances": [
        {
          "schema_version": 0,
          "attributes": {
            "account_id": "company-profiler-sa",
            "create_ignore_already_exists": null,
            "description": "",
            "disabled": false,
            "display_name": "",
            "email": "company-profiler-sa@digideus.iam.gserviceaccount.com",
            "id": "projects/digideus/serviceAccounts/company-profiler-sa@digideus.iam.gserviceaccount.com",
            "member": "serviceAccount:company-profiler-sa@digideus.iam.gserviceaccount.com",
            "name": "projects/digideus/serviceAccounts/company-profiler-sa@digideus.iam.gserviceaccount.com",
            "project": "digideus",
            "timeouts": null,
            "unique_id": "105061923816590170959"
          },
          "sensitive_attributes": [],
          "private": "eyJlMmJmYjczMC1lY2FhLTExZTYtOGY4OC0zNDM2M2JjN2M0YzAiOnsiY3JlYXRlIjozMDAwMDAwMDAwMDB9fQ=="
        }
      ]
    },
    {
      "module": "module.company-profiler",
      "mode": "managed",
      "type": "google_storage_bucket",
      "name": "function_bucket",
      "provider": "provider[\"registry.terraform.io/hashicorp/google\"]",
      "instances": [
        {
          "schema_version": 1,
          "attributes": {
            "autoclass": [],
            "cors": [],
            "custom_placement_config": [],
            "default_event_based_hold": false,
            "effective_labels": {},
            "enable_object_retention": false,
            "encryption": [],
            "force_destroy": false,
            "id": "digideus-company-profiler",
            "labels": {},
            "lifecycle_rule": [],
            "location": "EUROPE-WEST1",
            "logging": [],
            "name": "digideus-company-profiler",
            "project": "digideus",
            "project_number": 675965720026,
            "public_access_prevention": "inherited",
            "requester_pays": false,
            "retention_policy": [],
            "rpo": null,
            "self_link": "https://www.googleapis.com/storage/v1/b/digideus-company-profiler",
            "soft_delete_policy": [
              {
                "effective_time": "2024-05-07T11:04:57.749Z",
                "retention_duration_seconds": 604800
              }
            ],
            "storage_class": "STANDARD",
            "terraform_labels": {},
            "timeouts": null,
            "uniform_bucket_level_access": false,
            "url": "gs://digideus-company-profiler",
            "versioning": [],
            "website": []
          },
          "sensitive_attributes": [],
          "private": "eyJlMmJmYjczMC1lY2FhLTExZTYtOGY4OC0zNDM2M2JjN2M0YzAiOnsiY3JlYXRlIjo2MDAwMDAwMDAwMDAsInJlYWQiOjI0MDAwMDAwMDAwMCwidXBkYXRlIjoyNDAwMDAwMDAwMDB9LCJzY2hlbWFfdmVyc2lvbiI6IjEifQ=="
        }
      ]
    },
    {
      "module": "module.company-profiler",
      "mode": "managed",
      "type": "google_storage_bucket_object",
      "name": "zip",
      "provider": "provider[\"registry.terraform.io/hashicorp/google\"]",
      "instances": [
        {
          "schema_version": 0,
          "attributes": {
            "bucket": "digideus-company-profiler",
            "cache_control": "",
            "content": null,
            "content_disposition": "",
            "content_encoding": "",
            "content_language": "",
            "content_type": "application/zip",
            "crc32c": "R32dRA==",
            "customer_encryption": [],
            "detect_md5hash": "bzv7SBVkLiYd4ctq44eK6g==",
            "event_based_hold": false,
            "id": "digideus-company-profiler-6f3bfb4815642e261de1cb6ae3878aea.zip",
            "kms_key_name": "",
            "md5hash": "bzv7SBVkLiYd4ctq44eK6g==",
            "media_link": "https://storage.googleapis.com/download/storage/v1/b/digideus-company-profiler/o/6f3bfb4815642e261de1cb6ae3878aea.zip?generation=1715079898410465\u0026alt=media",
            "metadata": {},
            "name": "6f3bfb4815642e261de1cb6ae3878aea.zip",
            "output_name": "6f3bfb4815642e261de1cb6ae3878aea.zip",
            "retention": [],
            "self_link": "https://www.googleapis.com/storage/v1/b/digideus-company-profiler/o/6f3bfb4815642e261de1cb6ae3878aea.zip",
            "source": ".terraform/modules/company-profiler/gcp-function-https/company-profiler.zip",
            "storage_class": "STANDARD",
            "temporary_hold": false,
            "timeouts": null
          },
          "sensitive_attributes": [
            [
              {
                "type": "get_attr",
                "value": "content"
              }
            ]
          ],
          "private": "eyJlMmJmYjczMC1lY2FhLTExZTYtOGY4OC0zNDM2M2JjN2M0YzAiOnsiY3JlYXRlIjoyNDAwMDAwMDAwMDAsImRlbGV0ZSI6MjQwMDAwMDAwMDAwLCJ1cGRhdGUiOjI0MDAwMDAwMDAwMH19",
          "dependencies": [
            "module.company-profiler.data.archive_file.source",
            "module.company-profiler.google_storage_bucket.function_bucket"
          ]
        }
      ]
    }
  ],
  "check_results": [
    {
      "object_kind": "var",
      "config_addr": "module.company-profiler.var.vpc_connector_egress_settings",
      "status": "pass",
      "objects": [
        {
          "object_addr": "module.company-profiler.var.vpc_connector_egress_settings",
          "status": "pass"
        }
      ]
    },
    {
      "object_kind": "var",
      "config_addr": "module.company-profiler.var.new_pubsub_topics",
      "status": "unknown",
      "objects": [
        {
          "object_addr": "module.company-profiler.var.new_pubsub_topics",
          "status": "unknown"
        }
      ]
    },
    {
      "object_kind": "var",
      "config_addr": "module.company-profiler.var.function_name",
      "status": "pass",
      "objects": [
        {
          "object_addr": "module.company-profiler.var.function_name",
          "status": "pass"
        }
      ]
    },
    {
      "object_kind": "var",
      "config_addr": "module.company-profiler.var.runtime",
      "status": "pass",
      "objects": [
        {
          "object_addr": "module.company-profiler.var.runtime",
          "status": "pass"
        }
      ]
    },
    {
      "object_kind": "var",
      "config_addr": "module.company-profiler.var.ingress_settings",
      "status": "pass",
      "objects": [
        {
          "object_addr": "module.company-profiler.var.ingress_settings",
          "status": "pass"
        }
      ]
    },
    {
      "object_kind": "var",
      "config_addr": "module.company-profiler.var.roles",
      "status": "unknown",
      "objects": [
        {
          "object_addr": "module.company-profiler.var.roles",
          "status": "unknown"
        }
      ]
    },
    {
      "object_kind": "var",
      "config_addr": "module.company-profiler.var.project_id",
      "status": "pass",
      "objects": [
        {
          "object_addr": "module.company-profiler.var.project_id",
          "status": "pass"
        }
      ]
    }
  ]
}
